
Microsoft Visual Studio Solution File, Format Version 12.00
# Visual Studio Version 17
VisualStudioVersion = 17.4.33213.308
MinimumVisualStudioVersion = 10.0.40219.1
Project("{FAE04EC0-301F-11D3-BF4B-00C04F79EFBC}") = "WindowsFormsApp6", "WindowsFormsApp6\WindowsFormsApp6.csproj", "{0B2335D1-BD81-4B82-AD6E-EC683475C9D2}"
EndProject
Global
	GlobalSection(SolutionConfigurationPlatforms) = preSolution
		Debug|Any CPU = Debug|Any CPU
		Release|Any CPU = Release|Any CPU
	EndGlobalSection
	GlobalSection(ProjectConfigurationPlatforms) = postSolution
		{0B2335D1-BD81-4B82-AD6E-EC683475C9D2}.Debug|Any CPU.ActiveCfg = Debug|Any CPU
		{0B2335D1-BD81-4B82-AD6E-EC683475C9D2}.Debug|Any CPU.Build.0 = Debug|Any CPU
		{0B2335D1-BD81-4B82-AD6E-EC683475C9D2}.Release|Any CPU.ActiveCfg = Release|Any CPU
		{0B2335D1-BD81-4B82-AD6E-EC683475C9D2}.Release|Any CPU.Build.0 = Release|Any CPU
	EndGlobalSection
	GlobalSection(SolutionProperties) = preSolution
		HideSolutionNode = FALSE
	EndGlobalSection
	GlobalSection(ExtensibilityGlobals) = postSolution
		SolutionGuid = {244BF31A-1BD6-48BC-B3D6-322214868CE9}
	EndGlobalSection
EndGlobal
